
Microsoft Visual Studio Solution File, Format Version 12.00
# Visual Studio Version 17
VisualStudioVersion = 17.0.31903.59
MinimumVisualStudioVersion = 10.0.40219.1
Project("{FAE04EC0-301F-11D3-BF4B-00C04F79EFBC}") = "Schmeconomics.Entities", "Schmeconomics.Entities\Schmeconomics.Entities.csproj", "{10EAA935-1C13-4FEE-8637-0C0C471CB23A}"
EndProject
Project("{FAE04EC0-301F-11D3-BF4B-00C04F79EFBC}") = "Schmeconomics.Api", "Schmeconomics.Api\Schmeconomics.Api.csproj", "{8415A9D6-F194-48D0-9950-B56139402B56}"
EndProject
Project("{FAE04EC0-301F-11D3-BF4B-00C04F79EFBC}") = "Schmeconomics.Api.UnitTests", "Schmeconomics.Api.UnitTests\Schmeconomics.Api.UnitTests.csproj", "{0D494EA8-774E-443F-BB35-0F4FDD0C09A5}"
EndProject
Global
	GlobalSection(SolutionConfigurationPlatforms) = preSolution
		Debug|Any CPU = Debug|Any CPU
		Debug|x64 = Debug|x64
		Debug|x86 = Debug|x86
		Release|Any CPU = Release|Any CPU
		Release|x64 = Release|x64
		Release|x86 = Release|x86
	EndGlobalSection
	GlobalSection(ProjectConfigurationPlatforms) = postSolution
		{10EAA935-1C13-4FEE-8637-0C0C471CB23A}.Debug|Any CPU.ActiveCfg = Debug|Any CPU
		{10EAA935-1C13-4FEE-8637-0C0C471CB23A}.Debug|Any CPU.Build.0 = Debug|Any CPU
		{10EAA935-1C13-4FEE-8637-0C0C471CB23A}.Debug|x64.ActiveCfg = Debug|Any CPU
		{10EAA935-1C13-4FEE-8637-0C0C471CB23A}.Debug|x64.Build.0 = Debug|Any CPU
		{10EAA935-1C13-4FEE-8637-0C0C471CB23A}.Debug|x86.ActiveCfg = Debug|Any CPU
		{10EAA935-1C13-4FEE-8637-0C0C471CB23A}.Debug|x86.Build.0 = Debug|Any CPU
		{10EAA935-1C13-4FEE-8637-0C0C471CB23A}.Release|Any CPU.ActiveCfg = Release|Any CPU
		{10EAA935-1C13-4FEE-8637-0C0C471CB23A}.Release|Any CPU.Build.0 = Release|Any CPU
		{10EAA935-1C13-4FEE-8637-0C0C471CB23A}.Release|x64.ActiveCfg = Release|Any CPU
		{10EAA935-1C13-4FEE-8637-0C0C471CB23A}.Release|x64.Build.0 = Release|Any CPU
		{10EAA935-1C13-4FEE-8637-0C0C471CB23A}.Release|x86.ActiveCfg = Release|Any CPU
		{10EAA935-1C13-4FEE-8637-0C0C471CB23A}.Release|x86.Build.0 = Release|Any CPU
		{8415A9D6-F194-48D0-9950-B56139402B56}.Debug|Any CPU.ActiveCfg = Debug|Any CPU
		{8415A9D6-F194-48D0-9950-B56139402B56}.Debug|Any CPU.Build.0 = Debug|Any CPU
		{8415A9D6-F194-48D0-9950-B56139402B56}.Debug|x64.ActiveCfg = Debug|Any CPU
		{8415A9D6-F194-48D0-9950-B56139402B56}.Debug|x64.Build.0 = Debug|Any CPU
		{8415A9D6-F194-48D0-9950-B56139402B56}.Debug|x86.ActiveCfg = Debug|Any CPU
		{8415A9D6-F194-48D0-9950-B56139402B56}.Debug|x86.Build.0 = Debug|Any CPU
		{8415A9D6-F194-48D0-9950-B56139402B56}.Release|Any CPU.ActiveCfg = Release|Any CPU
		{8415A9D6-F194-48D0-9950-B56139402B56}.Release|Any CPU.Build.0 = Release|Any CPU
		{8415A9D6-F194-48D0-9950-B56139402B56}.Release|x64.ActiveCfg = Release|Any CPU
		{8415A9D6-F194-48D0-9950-B56139402B56}.Release|x64.Build.0 = Release|Any CPU
		{8415A9D6-F194-48D0-9950-B56139402B56}.Release|x86.ActiveCfg = Release|Any CPU
		{8415A9D6-F194-48D0-9950-B56139402B56}.Release|x86.Build.0 = Release|Any CPU
		{0D494EA8-774E-443F-BB35-0F4FDD0C09A5}.Debug|Any CPU.ActiveCfg = Debug|Any CPU
		{0D494EA8-774E-443F-BB35-0F4FDD0C09A5}.Debug|Any CPU.Build.0 = Debug|Any CPU
		{0D494EA8-774E-443F-BB35-0F4FDD0C09A5}.Debug|x64.ActiveCfg = Debug|Any CPU
		{0D494EA8-774E-443F-BB35-0F4FDD0C09A5}.Debug|x64.Build.0 = Debug|Any CPU
		{0D494EA8-774E-443F-BB35-0F4FDD0C09A5}.Debug|x86.ActiveCfg = Debug|Any CPU
		{0D494EA8-774E-443F-BB35-0F4FDD0C09A5}.Debug|x86.Build.0 = Debug|Any CPU
		{0D494EA8-774E-443F-BB35-0F4FDD0C09A5}.Release|Any CPU.ActiveCfg = Release|Any CPU
		{0D494EA8-774E-443F-BB35-0F4FDD0C09A5}.Release|Any CPU.Build.0 = Release|Any CPU
		{0D494EA8-774E-443F-BB35-0F4FDD0C09A5}.Release|x64.ActiveCfg = Release|Any CPU
		{0D494EA8-774E-443F-BB35-0F4FDD0C09A5}.Release|x64.Build.0 = Release|Any CPU
		{0D494EA8-774E-443F-BB35-0F4FDD0C09A5}.Release|x86.ActiveCfg = Release|Any CPU
		{0D494EA8-774E-443F-BB35-0F4FDD0C09A5}.Release|x86.Build.0 = Release|Any CPU
	EndGlobalSection
	GlobalSection(SolutionProperties) = preSolution
		HideSolutionNode = FALSE
	EndGlobalSection
EndGlobal
